
Microsoft Visual Studio Solution File, Format Version 12.00
# Visual Studio Version 17
VisualStudioVersion = 17.4.33403.182
MinimumVisualStudioVersion = 10.0.40219.1
Project("{FAE04EC0-301F-11D3-BF4B-00C04F79EFBC}") = "auth-service", "auth-service\auth-service.csproj", "{1846EC04-D856-4780-B40B-92C53F6B6E32}"
EndProject
Global
	GlobalSection(SolutionConfigurationPlatforms) = preSolution
		Debug|Any CPU = Debug|Any CPU
		Release|Any CPU = Release|Any CPU
	EndGlobalSection
	GlobalSection(ProjectConfigurationPlatforms) = postSolution
		{1846EC04-D856-4780-B40B-92C53F6B6E32}.Debug|Any CPU.ActiveCfg = Debug|Any CPU
		{1846EC04-D856-4780-B40B-92C53F6B6E32}.Debug|Any CPU.Build.0 = Debug|Any CPU
		{1846EC04-D856-4780-B40B-92C53F6B6E32}.Release|Any CPU.ActiveCfg = Release|Any CPU
		{1846EC04-D856-4780-B40B-92C53F6B6E32}.Release|Any CPU.Build.0 = Release|Any CPU
	EndGlobalSection
	GlobalSection(SolutionProperties) = preSolution
		HideSolutionNode = FALSE
	EndGlobalSection
	GlobalSection(ExtensibilityGlobals) = postSolution
		SolutionGuid = {65D075D1-0BFC-49EB-B7F9-13D522B9AE47}
	EndGlobalSection
EndGlobal
